
Microsoft Visual Studio Solution File, Format Version 12.00
# Visual Studio 15
VisualStudioVersion = 15.0.28307.1340
MinimumVisualStudioVersion = 10.0.40219.1
Project("{FAE04EC0-301F-11D3-BF4B-00C04F79EFBC}") = "SyntheticBenchmark-1", "SyntheticBenchmark-1\SyntheticBenchmark-1.csproj", "{558DFEF4-2051-418A-8420-264508227C0D}"
EndProject
Global
	GlobalSection(SolutionConfigurationPlatforms) = preSolution
		Debug|Any CPU = Debug|Any CPU
		Release|Any CPU = Release|Any CPU
	EndGlobalSection
	GlobalSection(ProjectConfigurationPlatforms) = postSolution
		{558DFEF4-2051-418A-8420-264508227C0D}.Debug|Any CPU.ActiveCfg = Debug|Any CPU
		{558DFEF4-2051-418A-8420-264508227C0D}.Debug|Any CPU.Build.0 = Debug|Any CPU
		{558DFEF4-2051-418A-8420-264508227C0D}.Release|Any CPU.ActiveCfg = Release|Any CPU
		{558DFEF4-2051-418A-8420-264508227C0D}.Release|Any CPU.Build.0 = Release|Any CPU
	EndGlobalSection
	GlobalSection(SolutionProperties) = preSolution
		HideSolutionNode = FALSE
	EndGlobalSection
	GlobalSection(ExtensibilityGlobals) = postSolution
		SolutionGuid = {A59772BC-C57B-4731-A235-F9A29230259D}
	EndGlobalSection
EndGlobal
