
Microsoft Visual Studio Solution File, Format Version 12.00
# Visual Studio 15
VisualStudioVersion = 15.0.28307.1738
MinimumVisualStudioVersion = 10.0.40219.1
Project("{FAE04EC0-301F-11D3-BF4B-00C04F79EFBC}") = "PerformanceTest-2", "PerformanceTest-2\PerformanceTest-2.csproj", "{CA9135AE-94C9-47A0-909D-8CDD4B7F1954}"
EndProject
Global
	GlobalSection(SolutionConfigurationPlatforms) = preSolution
		Debug|Any CPU = Debug|Any CPU
		Release|Any CPU = Release|Any CPU
	EndGlobalSection
	GlobalSection(ProjectConfigurationPlatforms) = postSolution
		{CA9135AE-94C9-47A0-909D-8CDD4B7F1954}.Debug|Any CPU.ActiveCfg = Debug|Any CPU
		{CA9135AE-94C9-47A0-909D-8CDD4B7F1954}.Debug|Any CPU.Build.0 = Debug|Any CPU
		{CA9135AE-94C9-47A0-909D-8CDD4B7F1954}.Release|Any CPU.ActiveCfg = Release|Any CPU
		{CA9135AE-94C9-47A0-909D-8CDD4B7F1954}.Release|Any CPU.Build.0 = Release|Any CPU
	EndGlobalSection
	GlobalSection(SolutionProperties) = preSolution
		HideSolutionNode = FALSE
	EndGlobalSection
	GlobalSection(ExtensibilityGlobals) = postSolution
		SolutionGuid = {8B18DCA9-256D-4E6A-B3E1-4A5EA64D0702}
	EndGlobalSection
EndGlobal
