
Microsoft Visual Studio Solution File, Format Version 12.00
# Visual Studio 15
VisualStudioVersion = 15.0.28307.1340
MinimumVisualStudioVersion = 10.0.40219.1
Project("{FAE04EC0-301F-11D3-BF4B-00C04F79EFBC}") = "SyntheticBenchmark-3", "SyntheticBenchmark-3\SyntheticBenchmark-3.csproj", "{80C97A20-40D6-4539-A60C-6DE0CCD8F5A8}"
EndProject
Global
	GlobalSection(SolutionConfigurationPlatforms) = preSolution
		Debug|Any CPU = Debug|Any CPU
		Release|Any CPU = Release|Any CPU
	EndGlobalSection
	GlobalSection(ProjectConfigurationPlatforms) = postSolution
		{80C97A20-40D6-4539-A60C-6DE0CCD8F5A8}.Debug|Any CPU.ActiveCfg = Debug|Any CPU
		{80C97A20-40D6-4539-A60C-6DE0CCD8F5A8}.Debug|Any CPU.Build.0 = Debug|Any CPU
		{80C97A20-40D6-4539-A60C-6DE0CCD8F5A8}.Release|Any CPU.ActiveCfg = Release|Any CPU
		{80C97A20-40D6-4539-A60C-6DE0CCD8F5A8}.Release|Any CPU.Build.0 = Release|Any CPU
	EndGlobalSection
	GlobalSection(SolutionProperties) = preSolution
		HideSolutionNode = FALSE
	EndGlobalSection
	GlobalSection(ExtensibilityGlobals) = postSolution
		SolutionGuid = {9110F529-40DD-4D8A-8F9B-37270D3DBD21}
	EndGlobalSection
EndGlobal
