
Microsoft Visual Studio Solution File, Format Version 12.00
# Visual Studio 15
VisualStudioVersion = 15.0.28307.1145
MinimumVisualStudioVersion = 10.0.40219.1
Project("{FAE04EC0-301F-11D3-BF4B-00C04F79EFBC}") = "NetRpc", "NetRpc\NetRpc.csproj", "{8B87F733-8A47-4E74-84F9-67F291DF9439}"
EndProject
Global
	GlobalSection(SolutionConfigurationPlatforms) = preSolution
		Debug|Any CPU = Debug|Any CPU
		Release|Any CPU = Release|Any CPU
	EndGlobalSection
	GlobalSection(ProjectConfigurationPlatforms) = postSolution
		{8B87F733-8A47-4E74-84F9-67F291DF9439}.Debug|Any CPU.ActiveCfg = Debug|Any CPU
		{8B87F733-8A47-4E74-84F9-67F291DF9439}.Debug|Any CPU.Build.0 = Debug|Any CPU
		{8B87F733-8A47-4E74-84F9-67F291DF9439}.Release|Any CPU.ActiveCfg = Release|Any CPU
		{8B87F733-8A47-4E74-84F9-67F291DF9439}.Release|Any CPU.Build.0 = Release|Any CPU
	EndGlobalSection
	GlobalSection(SolutionProperties) = preSolution
		HideSolutionNode = FALSE
	EndGlobalSection
	GlobalSection(ExtensibilityGlobals) = postSolution
		SolutionGuid = {F137FD33-1067-46A2-9987-7F852DD8881A}
	EndGlobalSection
EndGlobal
