
Microsoft Visual Studio Solution File, Format Version 12.00
# Visual Studio 15
VisualStudioVersion = 15.0.28307.1340
MinimumVisualStudioVersion = 10.0.40219.1
Project("{FAE04EC0-301F-11D3-BF4B-00C04F79EFBC}") = "SyntheticBenchmark-5", "SyntheticBenchmark-5\SyntheticBenchmark-5.csproj", "{7C0DDD25-AE91-4BE8-B9F3-6A7BFAF72044}"
EndProject
Global
	GlobalSection(SolutionConfigurationPlatforms) = preSolution
		Debug|Any CPU = Debug|Any CPU
		Release|Any CPU = Release|Any CPU
	EndGlobalSection
	GlobalSection(ProjectConfigurationPlatforms) = postSolution
		{7C0DDD25-AE91-4BE8-B9F3-6A7BFAF72044}.Debug|Any CPU.ActiveCfg = Debug|Any CPU
		{7C0DDD25-AE91-4BE8-B9F3-6A7BFAF72044}.Debug|Any CPU.Build.0 = Debug|Any CPU
		{7C0DDD25-AE91-4BE8-B9F3-6A7BFAF72044}.Release|Any CPU.ActiveCfg = Release|Any CPU
		{7C0DDD25-AE91-4BE8-B9F3-6A7BFAF72044}.Release|Any CPU.Build.0 = Release|Any CPU
	EndGlobalSection
	GlobalSection(SolutionProperties) = preSolution
		HideSolutionNode = FALSE
	EndGlobalSection
	GlobalSection(ExtensibilityGlobals) = postSolution
		SolutionGuid = {305B0E6E-9A74-4771-A246-68E0C2CBA085}
	EndGlobalSection
EndGlobal
