
Microsoft Visual Studio Solution File, Format Version 12.00
# Visual Studio 15
VisualStudioVersion = 15.0.28307.1340
MinimumVisualStudioVersion = 10.0.40219.1
Project("{FAE04EC0-301F-11D3-BF4B-00C04F79EFBC}") = "TestAZureBoards", "TestAZureBoards\TestAZureBoards.csproj", "{1949130E-BA70-47C9-90A1-26CB74B8993D}"
EndProject
Global
	GlobalSection(SolutionConfigurationPlatforms) = preSolution
		Debug|Any CPU = Debug|Any CPU
		Release|Any CPU = Release|Any CPU
	EndGlobalSection
	GlobalSection(ProjectConfigurationPlatforms) = postSolution
		{1949130E-BA70-47C9-90A1-26CB74B8993D}.Debug|Any CPU.ActiveCfg = Debug|Any CPU
		{1949130E-BA70-47C9-90A1-26CB74B8993D}.Debug|Any CPU.Build.0 = Debug|Any CPU
		{1949130E-BA70-47C9-90A1-26CB74B8993D}.Release|Any CPU.ActiveCfg = Release|Any CPU
		{1949130E-BA70-47C9-90A1-26CB74B8993D}.Release|Any CPU.Build.0 = Release|Any CPU
	EndGlobalSection
	GlobalSection(SolutionProperties) = preSolution
		HideSolutionNode = FALSE
	EndGlobalSection
	GlobalSection(ExtensibilityGlobals) = postSolution
		SolutionGuid = {BFC58B13-40BC-460E-9515-7E86FDEE71C2}
	EndGlobalSection
EndGlobal
